// !$*UTF8*$!
{
	archiveVersion = 1;
	classes = {
	};
	objectVersion = 56;
	objects = {

/* Begin PBXBuildFile section */
		356679772ADE0F1C00E3B73D /* LoaderViewApp.swift in Sources */ = {isa = PBXBuildFile; fileRef = 356679762ADE0F1C00E3B73D /* LoaderViewApp.swift */; };
		356679792ADE0F1C00E3B73D /* ContentView.swift in Sources */ = {isa = PBXBuildFile; fileRef = 356679782ADE0F1C00E3B73D /* ContentView.swift */; };
		3566797B2ADE0F1D00E3B73D /* Assets.xcassets in Resources */ = {isa = PBXBuildFile; fileRef = 3566797A2ADE0F1D00E3B73D /* Assets.xcassets */; };
		3566797E2ADE0F1D00E3B73D /* Preview Assets.xcassets in Resources */ = {isa = PBXBuildFile; fileRef = 3566797D2ADE0F1D00E3B73D /* Preview Assets.xcassets */; };
		356679882ADE0F1D00E3B73D /* LoaderViewTests.swift in Sources */ = {isa = PBXBuildFile; fileRef = 356679872ADE0F1D00E3B73D /* LoaderViewTests.swift */; };
		356679922ADE0F1D00E3B73D /* LoaderViewUITests.swift in Sources */ = {isa = PBXBuildFile; fileRef = 356679912ADE0F1D00E3B73D /* LoaderViewUITests.swift */; };
		356679942ADE0F1D00E3B73D /* LoaderViewUITestsLaunchTests.swift in Sources */ = {isa = PBXBuildFile; fileRef = 356679932ADE0F1D00E3B73D /* LoaderViewUITestsLaunchTests.swift */; };
		356679A12ADE0F3600E3B73D /* CircularShape.swift in Sources */ = {isa = PBXBuildFile; fileRef = 356679A02ADE0F3600E3B73D /* CircularShape.swift */; };
		356679A32ADE119A00E3B73D /* Cicular.swift in Sources */ = {isa = PBXBuildFile; fileRef = 356679A22ADE119A00E3B73D /* Cicular.swift */; };
/* End PBXBuildFile section */

/* Begin PBXContainerItemProxy section */
		356679842ADE0F1D00E3B73D /* PBXContainerItemProxy */ = {
			isa = PBXContainerItemProxy;
			containerPortal = 3566796B2ADE0F1C00E3B73D /* Project object */;
			proxyType = 1;
			remoteGlobalIDString = 356679722ADE0F1C00E3B73D;
			remoteInfo = LoaderView;
		};
		3566798E2ADE0F1D00E3B73D /* PBXContainerItemProxy */ = {
			isa = PBXContainerItemProxy;
			containerPortal = 3566796B2ADE0F1C00E3B73D /* Project object */;
			proxyType = 1;
			remoteGlobalIDString = 356679722ADE0F1C00E3B73D;
			remoteInfo = LoaderView;
		};
/* End PBXContainerItemProxy section */

/* Begin PBXFileReference section */
		356679732ADE0F1C00E3B73D /* LoaderView.app */ = {isa = PBXFileReference; explicitFileType = wrapper.application; includeInIndex = 0; path = LoaderView.app; sourceTree = BUILT_PRODUCTS_DIR; };
		356679762ADE0F1C00E3B73D /* LoaderViewApp.swift */ = {isa = PBXFileReference; lastKnownFileType = sourcecode.swift; path = LoaderViewApp.swift; sourceTree = "<group>"; };
		356679782ADE0F1C00E3B73D /* ContentView.swift */ = {isa = PBXFileReference; lastKnownFileType = sourcecode.swift; path = ContentView.swift; sourceTree = "<group>"; };
		3566797A2ADE0F1D00E3B73D /* Assets.xcassets */ = {isa = PBXFileReference; lastKnownFileType = folder.assetcatalog; path = Assets.xcassets; sourceTree = "<group>"; };
		3566797D2ADE0F1D00E3B73D /* Preview Assets.xcassets */ = {isa = PBXFileReference; lastKnownFileType = folder.assetcatalog; path = "Preview Assets.xcassets"; sourceTree = "<group>"; };
		356679832ADE0F1D00E3B73D /* LoaderViewTests.xctest */ = {isa = PBXFileReference; explicitFileType = wrapper.cfbundle; includeInIndex = 0; path = LoaderViewTests.xctest; sourceTree = BUILT_PRODUCTS_DIR; };
		356679872ADE0F1D00E3B73D /* LoaderViewTests.swift */ = {isa = PBXFileReference; lastKnownFileType = sourcecode.swift; path = LoaderViewTests.swift; sourceTree = "<group>"; };
		3566798D2ADE0F1D00E3B73D /* LoaderViewUITests.xctest */ = {isa = PBXFileReference; explicitFileType = wrapper.cfbundle; includeInIndex = 0; path = LoaderViewUITests.xctest; sourceTree = BUILT_PRODUCTS_DIR; };
		356679912ADE0F1D00E3B73D /* LoaderViewUITests.swift */ = {isa = PBXFileReference; lastKnownFileType = sourcecode.swift; path = LoaderViewUITests.swift; sourceTree = "<group>"; };
		356679932ADE0F1D00E3B73D /* LoaderViewUITestsLaunchTests.swift */ = {isa = PBXFileReference; lastKnownFileType = sourcecode.swift; path = LoaderViewUITestsLaunchTests.swift; sourceTree = "<group>"; };
		356679A02ADE0F3600E3B73D /* CircularShape.swift */ = {isa = PBXFileReference; lastKnownFileType = sourcecode.swift; path = CircularShape.swift; sourceTree = "<group>"; };
		356679A22ADE119A00E3B73D /* Cicular.swift */ = {isa = PBXFileReference; lastKnownFileType = sourcecode.swift; path = Cicular.swift; sourceTree = "<group>"; };
/* End PBXFileReference section */

/* Begin PBXFrameworksBuildPhase section */
		356679702ADE0F1C00E3B73D /* Frameworks */ = {
			isa = PBXFrameworksBuildPhase;
			buildActionMask = 2147483647;
			files = (
			);
			runOnlyForDeploymentPostprocessing = 0;
		};
		356679802ADE0F1D00E3B73D /* Frameworks */ = {
			isa = PBXFrameworksBuildPhase;
			buildActionMask = 2147483647;
			files = (
			);
			runOnlyForDeploymentPostprocessing = 0;
		};
		3566798A2ADE0F1D00E3B73D /* Frameworks */ = {
			isa = PBXFrameworksBuildPhase;
			buildActionMask = 2147483647;
			files = (
			);
			runOnlyForDeploymentPostprocessing = 0;
		};
/* End PBXFrameworksBuildPhase section */

/* Begin PBXGroup section */
		3566796A2ADE0F1C00E3B73D = {
			isa = PBXGroup;
			children = (
				356679752ADE0F1C00E3B73D /* LoaderView */,
				356679862ADE0F1D00E3B73D /* LoaderViewTests */,
				356679902ADE0F1D00E3B73D /* LoaderViewUITests */,
				356679742ADE0F1C00E3B73D /* Products */,
			);
			sourceTree = "<group>";
		};
		356679742ADE0F1C00E3B73D /* Products */ = {
			isa = PBXGroup;
			children = (
				356679732ADE0F1C00E3B73D /* LoaderView.app */,
				356679832ADE0F1D00E3B73D /* LoaderViewTests.xctest */,
				3566798D2ADE0F1D00E3B73D /* LoaderViewUITests.xctest */,
			);
			name = Products;
			sourceTree = "<group>";
		};
		356679752ADE0F1C00E3B73D /* LoaderView */ = {
			isa = PBXGroup;
			children = (
				356679762ADE0F1C00E3B73D /* LoaderViewApp.swift */,
				356679782ADE0F1C00E3B73D /* ContentView.swift */,
				356679A02ADE0F3600E3B73D /* CircularShape.swift */,
				356679A22ADE119A00E3B73D /* Cicular.swift */,
				3566797A2ADE0F1D00E3B73D /* Assets.xcassets */,
				3566797C2ADE0F1D00E3B73D /* Preview Content */,
			);
			path = LoaderView;
			sourceTree = "<group>";
		};
		3566797C2ADE0F1D00E3B73D /* Preview Content */ = {
			isa = PBXGroup;
			children = (
				3566797D2ADE0F1D00E3B73D /* Preview Assets.xcassets */,
			);
			path = "Preview Content";
			sourceTree = "<group>";
		};
		356679862ADE0F1D00E3B73D /* LoaderViewTests */ = {
			isa = PBXGroup;
			children = (
				356679872ADE0F1D00E3B73D /* LoaderViewTests.swift */,
			);
			path = LoaderViewTests;
			sourceTree = "<group>";
		};
		356679902ADE0F1D00E3B73D /* LoaderViewUITests */ = {
			isa = PBXGroup;
			children = (
				356679912ADE0F1D00E3B73D /* LoaderViewUITests.swift */,
				356679932ADE0F1D00E3B73D /* LoaderViewUITestsLaunchTests.swift */,
			);
			path = LoaderViewUITests;
			sourceTree = "<group>";
		};
/* End PBXGroup section */

/* Begin PBXNativeTarget section */
		356679722ADE0F1C00E3B73D /* LoaderView */ = {
			isa = PBXNativeTarget;
			buildConfigurationList = 356679972ADE0F1D00E3B73D /* Build configuration list for PBXNativeTarget "LoaderView" */;
			buildPhases = (
				3566796F2ADE0F1C00E3B73D /* Sources */,
				356679702ADE0F1C00E3B73D /* Frameworks */,
				356679712ADE0F1C00E3B73D /* Resources */,
			);
			buildRules = (
			);
			dependencies = (
			);
			name = LoaderView;
			productName = LoaderView;
			productReference = 356679732ADE0F1C00E3B73D /* LoaderView.app */;
			productType = "com.apple.product-type.application";
		};
		356679822ADE0F1D00E3B73D /* LoaderViewTests */ = {
			isa = PBXNativeTarget;
			buildConfigurationList = 3566799A2ADE0F1D00E3B73D /* Build configuration list for PBXNativeTarget "LoaderViewTests" */;
			buildPhases = (
				3566797F2ADE0F1D00E3B73D /* Sources */,
				356679802ADE0F1D00E3B73D /* Frameworks */,
				356679812ADE0F1D00E3B73D /* Resources */,
			);
			buildRules = (
			);
			dependencies = (
				356679852ADE0F1D00E3B73D /* PBXTargetDependency */,
			);
			name = LoaderViewTests;
			productName = LoaderViewTests;
			productReference = 356679832ADE0F1D00E3B73D /* LoaderViewTests.xctest */;
			productType = "com.apple.product-type.bundle.unit-test";
		};
		3566798C2ADE0F1D00E3B73D /* LoaderViewUITests */ = {
			isa = PBXNativeTarget;
			buildConfigurationList = 3566799D2ADE0F1D00E3B73D /* Build configuration list for PBXNativeTarget "LoaderViewUITests" */;
			buildPhases = (
				356679892ADE0F1D00E3B73D /* Sources */,
				3566798A2ADE0F1D00E3B73D /* Frameworks */,
				3566798B2ADE0F1D00E3B73D /* Resources */,
			);
			buildRules = (
			);
			dependencies = (
				3566798F2ADE0F1D00E3B73D /* PBXTargetDependency */,
			);
			name = LoaderViewUITests;
			productName = LoaderViewUITests;
			productReference = 3566798D2ADE0F1D00E3B73D /* LoaderViewUITests.xctest */;
			productType = "com.apple.product-type.bundle.ui-testing";
		};
/* End PBXNativeTarget section */

/* Begin PBXProject section */
		3566796B2ADE0F1C00E3B73D /* Project object */ = {
			isa = PBXProject;
			attributes = {
				BuildIndependentTargetsInParallel = 1;
				LastSwiftUpdateCheck = 1500;
				LastUpgradeCheck = 1500;
				TargetAttributes = {
					356679722ADE0F1C00E3B73D = {
						CreatedOnToolsVersion = 15.0;
					};
					356679822ADE0F1D00E3B73D = {
						CreatedOnToolsVersion = 15.0;
						TestTargetID = 356679722ADE0F1C00E3B73D;
					};
					3566798C2ADE0F1D00E3B73D = {
						CreatedOnToolsVersion = 15.0;
						TestTargetID = 356679722ADE0F1C00E3B73D;
					};
				};
			};
			buildConfigurationList = 3566796E2ADE0F1C00E3B73D /* Build configuration list for PBXProject "LoaderView" */;
			compatibilityVersion = "Xcode 14.0";
			developmentRegion = en;
			hasScannedForEncodings = 0;
			knownRegions = (
				en,
				Base,
			);
			mainGroup = 3566796A2ADE0F1C00E3B73D;
			productRefGroup = 356679742ADE0F1C00E3B73D /* Products */;
			projectDirPath = "";
			projectRoot = "";
			targets = (
				356679722ADE0F1C00E3B73D /* LoaderView */,
				356679822ADE0F1D00E3B73D /* LoaderViewTests */,
				3566798C2ADE0F1D00E3B73D /* LoaderViewUITests */,
			);
		};
/* End PBXProject section */

/* Begin PBXResourcesBuildPhase section */
		356679712ADE0F1C00E3B73D /* Resources */ = {
			isa = PBXResourcesBuildPhase;
			buildActionMask = 2147483647;
			files = (
				3566797E2ADE0F1D00E3B73D /* Preview Assets.xcassets in Resources */,
				3566797B2ADE0F1D00E3B73D /* Assets.xcassets in Resources */,
			);
			runOnlyForDeploymentPostprocessing = 0;
		};
		356679812ADE0F1D00E3B73D /* Resources */ = {
			isa = PBXResourcesBuildPhase;
			buildActionMask = 2147483647;
			files = (
			);
			runOnlyForDeploymentPostprocessing = 0;
		};
		3566798B2ADE0F1D00E3B73D /* Resources */ = {
			isa = PBXResourcesBuildPhase;
			buildActionMask = 2147483647;
			files = (
			);
			runOnlyForDeploymentPostprocessing = 0;
		};
/* End PBXResourcesBuildPhase section */

/* Begin PBXSourcesBuildPhase section */
		3566796F2ADE0F1C00E3B73D /* Sources */ = {
			isa = PBXSourcesBuildPhase;
			buildActionMask = 2147483647;
			files = (
				356679A12ADE0F3600E3B73D /* CircularShape.swift in Sources */,
				356679792ADE0F1C00E3B73D /* ContentView.swift in Sources */,
				356679772ADE0F1C00E3B73D /* LoaderViewApp.swift in Sources */,
				356679A32ADE119A00E3B73D /* Cicular.swift in Sources */,
			);
			runOnlyForDeploymentPostprocessing = 0;
		};
		3566797F2ADE0F1D00E3B73D /* Sources */ = {
			isa = PBXSourcesBuildPhase;
			buildActionMask = 2147483647;
			files = (
				356679882ADE0F1D00E3B73D /* LoaderViewTests.swift in Sources */,
			);
			runOnlyForDeploymentPostprocessing = 0;
		};
		356679892ADE0F1D00E3B73D /* Sources */ = {
			isa = PBXSourcesBuildPhase;
			buildActionMask = 2147483647;
			files = (
				356679942ADE0F1D00E3B73D /* LoaderViewUITestsLaunchTests.swift in Sources */,
				356679922ADE0F1D00E3B73D /* LoaderViewUITests.swift in Sources */,
			);
			runOnlyForDeploymentPostprocessing = 0;
		};
/* End PBXSourcesBuildPhase section */

/* Begin PBXTargetDependency section */
		356679852ADE0F1D00E3B73D /* PBXTargetDependency */ = {
			isa = PBXTargetDependency;
			target = 356679722ADE0F1C00E3B73D /* LoaderView */;
			targetProxy = 356679842ADE0F1D00E3B73D /* PBXContainerItemProxy */;
		};
		3566798F2ADE0F1D00E3B73D /* PBXTargetDependency */ = {
			isa = PBXTargetDependency;
			target = 356679722ADE0F1C00E3B73D /* LoaderView */;
			targetProxy = 3566798E2ADE0F1D00E3B73D /* PBXContainerItemProxy */;
		};
/* End PBXTargetDependency section */

/* Begin XCBuildConfiguration section */
		356679952ADE0F1D00E3B73D /* Debug */ = {
			isa = XCBuildConfiguration;
			buildSettings = {
				ALWAYS_SEARCH_USER_PATHS = NO;
				ASSETCATALOG_COMPILER_GENERATE_SWIFT_ASSET_SYMBOL_EXTENSIONS = YES;
				CLANG_ANALYZER_NONNULL = YES;
				CLANG_ANALYZER_NUMBER_OBJECT_CONVERSION = YES_AGGRESSIVE;
				CLANG_CXX_LANGUAGE_STANDARD = "gnu++20";
				CLANG_ENABLE_MODULES = YES;
				CLANG_ENABLE_OBJC_ARC = YES;
				CLANG_ENABLE_OBJC_WEAK = YES;
				CLANG_WARN_BLOCK_CAPTURE_AUTORELEASING = YES;
				CLANG_WARN_BOOL_CONVERSION = YES;
				CLANG_WARN_COMMA = YES;
				CLANG_WARN_CONSTANT_CONVERSION = YES;
				CLANG_WARN_DEPRECATED_OBJC_IMPLEMENTATIONS = YES;
				CLANG_WARN_DIRECT_OBJC_ISA_USAGE = YES_ERROR;
				CLANG_WARN_DOCUMENTATION_COMMENTS = YES;
				CLANG_WARN_EMPTY_BODY = YES;
				CLANG_WARN_ENUM_CONVERSION = YES;
				CLANG_WARN_INFINITE_RECURSION = YES;
				CLANG_WARN_INT_CONVERSION = YES;
				CLANG_WARN_NON_LITERAL_NULL_CONVERSION = YES;
				CLANG_WARN_OBJC_IMPLICIT_RETAIN_SELF = YES;
				CLANG_WARN_OBJC_LITERAL_CONVERSION = YES;
				CLANG_WARN_OBJC_ROOT_CLASS = YES_ERROR;
				CLANG_WARN_QUOTED_INCLUDE_IN_FRAMEWORK_HEADER = YES;
				CLANG_WARN_RANGE_LOOP_ANALYSIS = YES;
				CLANG_WARN_STRICT_PROTOTYPES = YES;
				CLANG_WARN_SUSPICIOUS_MOVE = YES;
				CLANG_WARN_UNGUARDED_AVAILABILITY = YES_AGGRESSIVE;
				CLANG_WARN_UNREACHABLE_CODE = YES;
				CLANG_WARN__DUPLICATE_METHOD_MATCH = YES;
				COPY_PHASE_STRIP = NO;
				DEBUG_INFORMATION_FORMAT = dwarf;
				ENABLE_STRICT_OBJC_MSGSEND = YES;
				ENABLE_TESTABILITY = YES;
				ENABLE_USER_SCRIPT_SANDBOXING = YES;
				GCC_C_LANGUAGE_STANDARD = gnu17;
				GCC_DYNAMIC_NO_PIC = NO;
				GCC_NO_COMMON_BLOCKS = YES;
				GCC_OPTIMIZATION_LEVEL = 0;
				GCC_PREPROCESSOR_DEFINITIONS = (
					"DEBUG=1",
					"$(inherited)",
				);
				GCC_WARN_64_TO_32_BIT_CONVERSION = YES;
				GCC_WARN_ABOUT_RETURN_TYPE = YES_ERROR;
				GCC_WARN_UNDECLARED_SELECTOR = YES;
				GCC_WARN_UNINITIALIZED_AUTOS = YES_AGGRESSIVE;
				GCC_WARN_UNUSED_FUNCTION = YES;
				GCC_WARN_UNUSED_VARIABLE = YES;
				IPHONEOS_DEPLOYMENT_TARGET = 17.0;
				LOCALIZATION_PREFERS_STRING_CATALOGS = YES;
				MTL_ENABLE_DEBUG_INFO = INCLUDE_SOURCE;
				MTL_FAST_MATH = YES;
				ONLY_ACTIVE_ARCH = YES;
				SDKROOT = iphoneos;
				SWIFT_ACTIVE_COMPILATION_CONDITIONS = "DEBUG $(inherited)";
				SWIFT_OPTIMIZATION_LEVEL = "-Onone";
			};
			name = Debug;
		};
		356679962ADE0F1D00E3B73D /* Release */ = {
			isa = XCBuildConfiguration;
			buildSettings = {
				ALWAYS_SEARCH_USER_PATHS = NO;
				ASSETCATALOG_COMPILER_GENERATE_SWIFT_ASSET_SYMBOL_EXTENSIONS = YES;
				CLANG_ANALYZER_NONNULL = YES;
				CLANG_ANALYZER_NUMBER_OBJECT_CONVERSION = YES_AGGRESSIVE;
				CLANG_CXX_LANGUAGE_STANDARD = "gnu++20";
				CLANG_ENABLE_MODULES = YES;
				CLANG_ENABLE_OBJC_ARC = YES;
				CLANG_ENABLE_OBJC_WEAK = YES;
				CLANG_WARN_BLOCK_CAPTURE_AUTORELEASING = YES;
				CLANG_WARN_BOOL_CONVERSION = YES;
				CLANG_WARN_COMMA = YES;
				CLANG_WARN_CONSTANT_CONVERSION = YES;
				CLANG_WARN_DEPRECATED_OBJC_IMPLEMENTATIONS = YES;
				CLANG_WARN_DIRECT_OBJC_ISA_USAGE = YES_ERROR;
				CLANG_WARN_DOCUMENTATION_COMMENTS = YES;
				CLANG_WARN_EMPTY_BODY = YES;
				CLANG_WARN_ENUM_CONVERSION = YES;
				CLANG_WARN_INFINITE_RECURSION = YES;
				CLANG_WARN_INT_CONVERSION = YES;
				CLANG_WARN_NON_LITERAL_NULL_CONVERSION = YES;
				CLANG_WARN_OBJC_IMPLICIT_RETAIN_SELF = YES;
				CLANG_WARN_OBJC_LITERAL_CONVERSION = YES;
				CLANG_WARN_OBJC_ROOT_CLASS = YES_ERROR;
				CLANG_WARN_QUOTED_INCLUDE_IN_FRAMEWORK_HEADER = YES;
				CLANG_WARN_RANGE_LOOP_ANALYSIS = YES;
				CLANG_WARN_STRICT_PROTOTYPES = YES;
				CLANG_WARN_SUSPICIOUS_MOVE = YES;
				CLANG_WARN_UNGUARDED_AVAILABILITY = YES_AGGRESSIVE;
				CLANG_WARN_UNREACHABLE_CODE = YES;
				CLANG_WARN__DUPLICATE_METHOD_MATCH = YES;
				COPY_PHASE_STRIP = NO;
				DEBUG_INFORMATION_FORMAT = "dwarf-with-dsym";
				ENABLE_NS_ASSERTIONS = NO;
				ENABLE_STRICT_OBJC_MSGSEND = YES;
				ENABLE_USER_SCRIPT_SANDBOXING = YES;
				GCC_C_LANGUAGE_STANDARD = gnu17;
				GCC_NO_COMMON_BLOCKS = YES;
				GCC_WARN_64_TO_32_BIT_CONVERSION = YES;
				GCC_WARN_ABOUT_RETURN_TYPE = YES_ERROR;
				GCC_WARN_UNDECLARED_SELECTOR = YES;
				GCC_WARN_UNINITIALIZED_AUTOS = YES_AGGRESSIVE;
				GCC_WARN_UNUSED_FUNCTION = YES;
				GCC_WARN_UNUSED_VARIABLE = YES;
				IPHONEOS_DEPLOYMENT_TARGET = 17.0;
				LOCALIZATION_PREFERS_STRING_CATALOGS = YES;
				MTL_ENABLE_DEBUG_INFO = NO;
				MTL_FAST_MATH = YES;
				SDKROOT = iphoneos;
				SWIFT_COMPILATION_MODE = wholemodule;
				VALIDATE_PRODUCT = YES;
			};
			name = Release;
		};
		356679982ADE0F1D00E3B73D /* Debug */ = {
			isa = XCBuildConfiguration;
			buildSettings = {
				ASSETCATALOG_COMPILER_APPICON_NAME = AppIcon;
				ASSETCATALOG_COMPILER_GLOBAL_ACCENT_COLOR_NAME = AccentColor;
				CODE_SIGN_STYLE = Automatic;
				CURRENT_PROJECT_VERSION = 1;
				DEVELOPMENT_ASSET_PATHS = "\"LoaderView/Preview Content\"";
				DEVELOPMENT_TEAM = AN66X2S3W9;
				ENABLE_PREVIEWS = YES;
				GENERATE_INFOPLIST_FILE = YES;
				INFOPLIST_KEY_UIApplicationSceneManifest_Generation = YES;
				INFOPLIST_KEY_UIApplicationSupportsIndirectInputEvents = YES;
				INFOPLIST_KEY_UILaunchScreen_Generation = YES;
				INFOPLIST_KEY_UISupportedInterfaceOrientations_iPad = "UIInterfaceOrientationPortrait UIInterfaceOrientationPortraitUpsideDown UIInterfaceOrientationLandscapeLeft UIInterfaceOrientationLandscapeRight";
				INFOPLIST_KEY_UISupportedInterfaceOrientations_iPhone = "UIInterfaceOrientationPortrait UIInterfaceOrientationLandscapeLeft UIInterfaceOrientationLandscapeRight";
				LD_RUNPATH_SEARCH_PATHS = (
					"$(inherited)",
					"@executable_path/Frameworks",
				);
				MARKETING_VERSION = 1.0;
				PRODUCT_BUNDLE_IDENTIFIER = com.appnaq.LoaderView;
				PRODUCT_NAME = "$(TARGET_NAME)";
				SWIFT_EMIT_LOC_STRINGS = YES;
				SWIFT_VERSION = 5.0;
				TARGETED_DEVICE_FAMILY = "1,2";
			};
			name = Debug;
		};
		356679992ADE0F1D00E3B73D /* Release */ = {
			isa = XCBuildConfiguration;
			buildSettings = {
				ASSETCATALOG_COMPILER_APPICON_NAME = AppIcon;
				ASSETCATALOG_COMPILER_GLOBAL_ACCENT_COLOR_NAME = AccentColor;
				CODE_SIGN_STYLE = Automatic;
				CURRENT_PROJECT_VERSION = 1;
				DEVELOPMENT_ASSET_PATHS = "\"LoaderView/Preview Content\"";
				DEVELOPMENT_TEAM = AN66X2S3W9;
				ENABLE_PREVIEWS = YES;
				GENERATE_INFOPLIST_FILE = YES;
				INFOPLIST_KEY_UIApplicationSceneManifest_Generation = YES;
				INFOPLIST_KEY_UIApplicationSupportsIndirectInputEvents = YES;
				INFOPLIST_KEY_UILaunchScreen_Generation = YES;
				INFOPLIST_KEY_UISupportedInterfaceOrientations_iPad = "UIInterfaceOrientationPortrait UIInterfaceOrientationPortraitUpsideDown UIInterfaceOrientationLandscapeLeft UIInterfaceOrientationLandscapeRight";
				INFOPLIST_KEY_UISupportedInterfaceOrientations_iPhone = "UIInterfaceOrientationPortrait UIInterfaceOrientationLandscapeLeft UIInterfaceOrientationLandscapeRight";
				LD_RUNPATH_SEARCH_PATHS = (
					"$(inherited)",
					"@executable_path/Frameworks",
				);
				MARKETING_VERSION = 1.0;
				PRODUCT_BUNDLE_IDENTIFIER = com.appnaq.LoaderView;
				PRODUCT_NAME = "$(TARGET_NAME)";
				SWIFT_EMIT_LOC_STRINGS = YES;
				SWIFT_VERSION = 5.0;
				TARGETED_DEVICE_FAMILY = "1,2";
			};
			name = Release;
		};
		3566799B2ADE0F1D00E3B73D /* Debug */ = {
			isa = XCBuildConfiguration;
			buildSettings = {
				ALWAYS_EMBED_SWIFT_STANDARD_LIBRARIES = YES;
				BUNDLE_LOADER = "$(TEST_HOST)";
				CODE_SIGN_STYLE = Automatic;
				CURRENT_PROJECT_VERSION = 1;
				DEVELOPMENT_TEAM = AN66X2S3W9;
				GENERATE_INFOPLIST_FILE = YES;
				IPHONEOS_DEPLOYMENT_TARGET = 17.0;
				MARKETING_VERSION = 1.0;
				PRODUCT_BUNDLE_IDENTIFIER = com.appnaq.LoaderViewTests;
				PRODUCT_NAME = "$(TARGET_NAME)";
				SWIFT_EMIT_LOC_STRINGS = NO;
				SWIFT_VERSION = 5.0;
				TARGETED_DEVICE_FAMILY = "1,2";
				TEST_HOST = "$(BUILT_PRODUCTS_DIR)/LoaderView.app/$(BUNDLE_EXECUTABLE_FOLDER_PATH)/LoaderView";
			};
			name = Debug;
		};
		3566799C2ADE0F1D00E3B73D /* Release */ = {
			isa = XCBuildConfiguration;
			buildSettings = {
				ALWAYS_EMBED_SWIFT_STANDARD_LIBRARIES = YES;
				BUNDLE_LOADER = "$(TEST_HOST)";
				CODE_SIGN_STYLE = Automatic;
				CURRENT_PROJECT_VERSION = 1;
				DEVELOPMENT_TEAM = AN66X2S3W9;
				GENERATE_INFOPLIST_FILE = YES;
				IPHONEOS_DEPLOYMENT_TARGET = 17.0;
				MARKETING_VERSION = 1.0;
				PRODUCT_BUNDLE_IDENTIFIER = com.appnaq.LoaderViewTests;
				PRODUCT_NAME = "$(TARGET_NAME)";
				SWIFT_EMIT_LOC_STRINGS = NO;
				SWIFT_VERSION = 5.0;
				TARGETED_DEVICE_FAMILY = "1,2";
				TEST_HOST = "$(BUILT_PRODUCTS_DIR)/LoaderView.app/$(BUNDLE_EXECUTABLE_FOLDER_PATH)/LoaderView";
			};
			name = Release;
		};
		3566799E2ADE0F1D00E3B73D /* Debug */ = {
			isa = XCBuildConfiguration;
			buildSettings = {
				ALWAYS_EMBED_SWIFT_STANDARD_LIBRARIES = YES;
				CODE_SIGN_STYLE = Automatic;
				CURRENT_PROJECT_VERSION = 1;
				DEVELOPMENT_TEAM = AN66X2S3W9;
				GENERATE_INFOPLIST_FILE = YES;
				MARKETING_VERSION = 1.0;
				PRODUCT_BUNDLE_IDENTIFIER = com.appnaq.LoaderViewUITests;
				PRODUCT_NAME = "$(TARGET_NAME)";
				SWIFT_EMIT_LOC_STRINGS = NO;
				SWIFT_VERSION = 5.0;
				TARGETED_DEVICE_FAMILY = "1,2";
				TEST_TARGET_NAME = LoaderView;
			};
			name = Debug;
		};
		3566799F2ADE0F1D00E3B73D /* Release */ = {
			isa = XCBuildConfiguration;
			buildSettings = {
				ALWAYS_EMBED_SWIFT_STANDARD_LIBRARIES = YES;
				CODE_SIGN_STYLE = Automatic;
				CURRENT_PROJECT_VERSION = 1;
				DEVELOPMENT_TEAM = AN66X2S3W9;
				GENERATE_INFOPLIST_FILE = YES;
				MARKETING_VERSION = 1.0;
				PRODUCT_BUNDLE_IDENTIFIER = com.appnaq.LoaderViewUITests;
				PRODUCT_NAME = "$(TARGET_NAME)";
				SWIFT_EMIT_LOC_STRINGS = NO;
				SWIFT_VERSION = 5.0;
				TARGETED_DEVICE_FAMILY = "1,2";
				TEST_TARGET_NAME = LoaderView;
			};
			name = Release;
		};
/* End XCBuildConfiguration section */

/* Begin XCConfigurationList section */
		3566796E2ADE0F1C00E3B73D /* Build configuration list for PBXProject "LoaderView" */ = {
			isa = XCConfigurationList;
			buildConfigurations = (
				356679952ADE0F1D00E3B73D /* Debug */,
				356679962ADE0F1D00E3B73D /* Release */,
			);
			defaultConfigurationIsVisible = 0;
			defaultConfigurationName = Release;
		};
		356679972ADE0F1D00E3B73D /* Build configuration list for PBXNativeTarget "LoaderView" */ = {
			isa = XCConfigurationList;
			buildConfigurations = (
				356679982ADE0F1D00E3B73D /* Debug */,
				356679992ADE0F1D00E3B73D /* Release */,
			);
			defaultConfigurationIsVisible = 0;
			defaultConfigurationName = Release;
		};
		3566799A2ADE0F1D00E3B73D /* Build configuration list for PBXNativeTarget "LoaderViewTests" */ = {
			isa = XCConfigurationList;
			buildConfigurations = (
				3566799B2ADE0F1D00E3B73D /* Debug */,
				3566799C2ADE0F1D00E3B73D /* Release */,
			);
			defaultConfigurationIsVisible = 0;
			defaultConfigurationName = Release;
		};
		3566799D2ADE0F1D00E3B73D /* Build configuration list for PBXNativeTarget "LoaderViewUITests" */ = {
			isa = XCConfigurationList;
			buildConfigurations = (
				3566799E2ADE0F1D00E3B73D /* Debug */,
				3566799F2ADE0F1D00E3B73D /* Release */,
			);
			defaultConfigurationIsVisible = 0;
			defaultConfigurationName = Release;
		};
/* End XCConfigurationList section */
	};
	rootObject = 3566796B2ADE0F1C00E3B73D /* Project object */;
}
